# THIS IS AN AUTOGENERATED FILE. DO NOT EDIT THIS FILE DIRECTLY.
# yarn lockfile v1


serialize-javascript@^3.0.0:
  version "3.0.0"
  resolved "https://registry.yarnpkg.com/serialize-javascript/-/serialize-javascript-3.0.0.tgz#492e489a2d77b7b804ad391a5f5d97870952548e"
  integrity sha512-skZcHYw2vEX4bw90nAr2iTTsz6x2SrHEnfxgKYmZlvJYBEZrvbKtobJWlQ20zczKb3bsHHXXTYt48zBA7ni9cw==
