# THIS IS AN AUTOGENERATED FILE. DO NOT EDIT THIS FILE DIRECTLY.
# yarn lockfile v1


<<<<<<< HEAD
object-assign@^4.1.1:
  version "4.1.1"
  resolved "https://registry.yarnpkg.com/object-assign/-/object-assign-4.1.1.tgz#2109adc7965887cfc05cbbd442cac8bfbb360863"
  integrity sha1-IQmtx5ZYh8/AXLvUQsrIv7s2CGM=

recorderjs@^1.0.1:
  version "1.0.1"
  resolved "https://registry.yarnpkg.com/recorderjs/-/recorderjs-1.0.1.tgz#f8211a0f90bdcdcfa2f431a597b6cb94a1b93571"
  integrity sha1-+CEaD5C9zc+i9DGll7bLlKG5NXE=
=======
react-infinite-scroll-component@^5.0.4:
  version "5.0.4"
  resolved "https://registry.yarnpkg.com/react-infinite-scroll-component/-/react-infinite-scroll-component-5.0.4.tgz#45ca72c75bfe1ad5cf46d032247a8e0af65593ca"
  integrity sha512-wl6MXreH57z6X6uILpRbvt2iaETZDX4HdnHaPy0vp9fVQ01ALM+zvFrG2xk2nsxynXxob2IEFan9eI1CDV2V0A==
  dependencies:
    throttle-debounce "^2.1.0"

throttle-debounce@^2.1.0:
  version "2.1.0"
  resolved "https://registry.yarnpkg.com/throttle-debounce/-/throttle-debounce-2.1.0.tgz#257e648f0a56bd9e54fe0f132c4ab8611df4e1d5"
  integrity sha512-AOvyNahXQuU7NN+VVvOOX+uW6FPaWdAOdRP5HfwYxAfCzXTFKRMoIMk+n+po318+ktcChx+F1Dd91G3YHeMKyg==
>>>>>>> 96895394102b8046b130e76ec59511abfff706ae
